// !$*UTF8*$!
{
	archiveVersion = 1;
	classes = {
	};
	objectVersion = 56;
	objects = {

/* Begin PBXBuildFile section */
		8A20C85D97005FEA72552B2D /* Pods_Any_competition.framework in Frameworks */ = {isa = PBXBuildFile; fileRef = 5AEAA58907250BE7DBAF0AA9 /* Pods_Any_competition.framework */; };
		FD08C7D728DF511E00C18CD1 /* MyMatch.swift in Sources */ = {isa = PBXBuildFile; fileRef = FD08C7D628DF511E00C18CD1 /* MyMatch.swift */; };
		FD0D008828DDA29B00C47570 /* ConfigurateCompetitionViewController.swift in Sources */ = {isa = PBXBuildFile; fileRef = FD0D008728DDA29B00C47570 /* ConfigurateCompetitionViewController.swift */; };
		FD0D008A28DDBF0200C47570 /* PlayersInfoTableViewCell.swift in Sources */ = {isa = PBXBuildFile; fileRef = FD0D008928DDBF0200C47570 /* PlayersInfoTableViewCell.swift */; };
		FD0FB29728ECBCE6000789CD /* TestViewController.swift in Sources */ = {isa = PBXBuildFile; fileRef = FD0FB29628ECBCE6000789CD /* TestViewController.swift */; };
		FD1E1FFE28F08ED1001CF0EA /* DateFormater.swift in Sources */ = {isa = PBXBuildFile; fileRef = FD1E1FFD28F08ED1001CF0EA /* DateFormater.swift */; };
		FD1E200028F096C8001CF0EA /* PlayerDataCollectionViewCell.swift in Sources */ = {isa = PBXBuildFile; fileRef = FD1E1FFF28F096C8001CF0EA /* PlayerDataCollectionViewCell.swift */; };
		FD1E200228F1A7A5001CF0EA /* shakeTextFieldifEmpty.swift in Sources */ = {isa = PBXBuildFile; fileRef = FD1E200128F1A7A5001CF0EA /* shakeTextFieldifEmpty.swift */; };
		FD20D63A28DB0B19007F5F8F /* CompetitionsViewController.swift in Sources */ = {isa = PBXBuildFile; fileRef = FD20D63928DB0B19007F5F8F /* CompetitionsViewController.swift */; };
		FD20D63D28DB0DE9007F5F8F /* CompetitionCollectionViewCell.swift in Sources */ = {isa = PBXBuildFile; fileRef = FD20D63C28DB0DE9007F5F8F /* CompetitionCollectionViewCell.swift */; };
		FD20D64028DB0E97007F5F8F /* UIView+Extention.swift in Sources */ = {isa = PBXBuildFile; fileRef = FD20D63F28DB0E97007F5F8F /* UIView+Extention.swift */; };
		FD20D64528DB3AA0007F5F8F /* Competition.swift in Sources */ = {isa = PBXBuildFile; fileRef = FD20D64428DB3AA0007F5F8F /* Competition.swift */; };
		FD20D64928DB4FF1007F5F8F /* CompetitionFetch.swift in Sources */ = {isa = PBXBuildFile; fileRef = FD20D64828DB4FF1007F5F8F /* CompetitionFetch.swift */; };
		FD27FEEB28D9A63E00D2A405 /* AppDelegate.swift in Sources */ = {isa = PBXBuildFile; fileRef = FD27FEEA28D9A63E00D2A405 /* AppDelegate.swift */; };
		FD27FEED28D9A63E00D2A405 /* SceneDelegate.swift in Sources */ = {isa = PBXBuildFile; fileRef = FD27FEEC28D9A63E00D2A405 /* SceneDelegate.swift */; };
		FD27FEEF28D9A63E00D2A405 /* StartViewController.swift in Sources */ = {isa = PBXBuildFile; fileRef = FD27FEEE28D9A63E00D2A405 /* StartViewController.swift */; };
		FD27FEF528D9A63E00D2A405 /* Any_competition.xcdatamodeld in Sources */ = {isa = PBXBuildFile; fileRef = FD27FEF328D9A63E00D2A405 /* Any_competition.xcdatamodeld */; };
		FD27FEF728D9A63F00D2A405 /* Assets.xcassets in Resources */ = {isa = PBXBuildFile; fileRef = FD27FEF628D9A63F00D2A405 /* Assets.xcassets */; };
		FD27FEFA28D9A63F00D2A405 /* LaunchScreen.storyboard in Resources */ = {isa = PBXBuildFile; fileRef = FD27FEF828D9A63F00D2A405 /* LaunchScreen.storyboard */; };
		FD27FF0528D9A63F00D2A405 /* Any_competitionTests.swift in Sources */ = {isa = PBXBuildFile; fileRef = FD27FF0428D9A63F00D2A405 /* Any_competitionTests.swift */; };
		FD27FF0F28D9A63F00D2A405 /* Any_competitionUITests.swift in Sources */ = {isa = PBXBuildFile; fileRef = FD27FF0E28D9A63F00D2A405 /* Any_competitionUITests.swift */; };
		FD27FF1128D9A63F00D2A405 /* Any_competitionUITestsLaunchTests.swift in Sources */ = {isa = PBXBuildFile; fileRef = FD27FF1028D9A63F00D2A405 /* Any_competitionUITestsLaunchTests.swift */; };
		FD27FF2D28D9D27100D2A405 /* 8-BIT WONDER.ttf in Resources */ = {isa = PBXBuildFile; fileRef = FD27FF2828D9D27100D2A405 /* 8-BIT WONDER.ttf */; };
		FD27FF2E28D9D27100D2A405 /* tight_pixel.ttf in Resources */ = {isa = PBXBuildFile; fileRef = FD27FF2928D9D27100D2A405 /* tight_pixel.ttf */; };
		FD27FF2F28D9D27100D2A405 /* PressStart2P-vaV7.ttf in Resources */ = {isa = PBXBuildFile; fileRef = FD27FF2A28D9D27100D2A405 /* PressStart2P-vaV7.ttf */; };
		FD27FF3028D9D27100D2A405 /* Pixel LCD-7.ttf in Resources */ = {isa = PBXBuildFile; fileRef = FD27FF2B28D9D27100D2A405 /* Pixel LCD-7.ttf */; };
		FD27FF3128D9D27100D2A405 /* 04B_30__.TTF in Resources */ = {isa = PBXBuildFile; fileRef = FD27FF2C28D9D27100D2A405 /* 04B_30__.TTF */; };
		FD27FF3428D9DFAF00D2A405 /* AnyCompUILabel.swift in Sources */ = {isa = PBXBuildFile; fileRef = FD27FF3328D9DFAF00D2A405 /* AnyCompUILabel.swift */; };
		FD27FF3628D9E85900D2A405 /* AnyCompUIButton.swift in Sources */ = {isa = PBXBuildFile; fileRef = FD27FF3528D9E85900D2A405 /* AnyCompUIButton.swift */; };
		FD29C22528E040EF00C3B7EB /* MatchViewController.swift in Sources */ = {isa = PBXBuildFile; fileRef = FD29C22428E040EF00C3B7EB /* MatchViewController.swift */; };
		FD2D637C28FC0E02007C4D94 /* Database.swift in Sources */ = {isa = PBXBuildFile; fileRef = FD2D637B28FC0E02007C4D94 /* Database.swift */; };
		FD339E9928E34D6D000DD8F3 /* UIFont+Extention.swift in Sources */ = {isa = PBXBuildFile; fileRef = FD339E9828E34D6D000DD8F3 /* UIFont+Extention.swift */; };
		FD546BBB28EACFBE006B21B1 /* Hardpixel-nn51.otf in Resources */ = {isa = PBXBuildFile; fileRef = FD91763F28EACD470017014B /* Hardpixel-nn51.otf */; };
		FD546BBC28EACFBE006B21B1 /* DiaryOfAn8BitMage-lYDD.ttf in Resources */ = {isa = PBXBuildFile; fileRef = FD91763D28EACD460017014B /* DiaryOfAn8BitMage-lYDD.ttf */; };
		FD59CC1128EEA2AB008818B1 /* loading.json in Resources */ = {isa = PBXBuildFile; fileRef = FD59CC1028EEA2AB008818B1 /* loading.json */; };
		FD68DC4628E2D61A00FE0E64 /* CompetitionTable.swift in Sources */ = {isa = PBXBuildFile; fileRef = FD68DC4528E2D61A00FE0E64 /* CompetitionTable.swift */; };
		FD6E751628F6E63A005DB75F /* CompetitionsData.swift in Sources */ = {isa = PBXBuildFile; fileRef = FD6E751528F6E63A005DB75F /* CompetitionsData.swift */; };
		FD6F05F928F7F1E500F0F718 /* congratulations.json in Resources */ = {isa = PBXBuildFile; fileRef = FD6F05F828F7F1E500F0F718 /* congratulations.json */; };
		FD6F05FB28F7F34400F0F718 /* 78540-confetti-congratulation-sparkle.json in Resources */ = {isa = PBXBuildFile; fileRef = FD6F05FA28F7F34400F0F718 /* 78540-confetti-congratulation-sparkle.json */; };
		FD6F05FD28F80E0900F0F718 /* lf30_editor_tibwdgvt.json in Resources */ = {isa = PBXBuildFile; fileRef = FD6F05FC28F80E0900F0F718 /* lf30_editor_tibwdgvt.json */; };
		FD6F05FF28F80ECC00F0F718 /* 73966-confetti.json in Resources */ = {isa = PBXBuildFile; fileRef = FD6F05FE28F80ECC00F0F718 /* 73966-confetti.json */; };
		FD6F060128F8247F00F0F718 /* MatchIndex.swift in Sources */ = {isa = PBXBuildFile; fileRef = FD6F060028F8247F00F0F718 /* MatchIndex.swift */; };
		FD73A21C28FF254B005FAFCE /* AnyCompClearUIButton.swift in Sources */ = {isa = PBXBuildFile; fileRef = FD73A21B28FF254B005FAFCE /* AnyCompClearUIButton.swift */; };
		FD7C894A28ED55D100699A7E /* AnyCompLogoUILabel.swift in Sources */ = {isa = PBXBuildFile; fileRef = FD7C894928ED55D100699A7E /* AnyCompLogoUILabel.swift */; };
		FD7D09822900559400E6CE60 /* User.swift in Sources */ = {isa = PBXBuildFile; fileRef = FD7D09812900559400E6CE60 /* User.swift */; };
		FD85BA6728FE75EE0027468E /* ProfileView.swift in Sources */ = {isa = PBXBuildFile; fileRef = FD85BA6628FE75EE0027468E /* ProfileView.swift */; };
		FD85BA6928FE83C80027468E /* 98200-drag.json in Resources */ = {isa = PBXBuildFile; fileRef = FD85BA6828FE83C80027468E /* 98200-drag.json */; };
		FD85BA6B28FE86500027468E /* 93693-moving-truck.json in Resources */ = {isa = PBXBuildFile; fileRef = FD85BA6A28FE86500027468E /* 93693-moving-truck.json */; };
		FD94809328F4697500B31A89 /* Match.swift in Sources */ = {isa = PBXBuildFile; fileRef = FD94809228F4697500B31A89 /* Match.swift */; };
		FD94809528F46C1700B31A89 /* Player.swift in Sources */ = {isa = PBXBuildFile; fileRef = FD94809428F46C1700B31A89 /* Player.swift */; };
		FD94809728F46C4100B31A89 /* Info.swift in Sources */ = {isa = PBXBuildFile; fileRef = FD94809628F46C4100B31A89 /* Info.swift */; };
		FD9604F228ECC38B009C902E /* darts1.json in Resources */ = {isa = PBXBuildFile; fileRef = FD9604F028ECC38A009C902E /* darts1.json */; };
		FD9604F328ECC38B009C902E /* darts2.json in Resources */ = {isa = PBXBuildFile; fileRef = FD9604F128ECC38B009C902E /* darts2.json */; };
		FD96E63F290E6CFE00B51FD0 /* CompetitionsCollectionView.swift in Sources */ = {isa = PBXBuildFile; fileRef = FD96E63E290E6CFE00B51FD0 /* CompetitionsCollectionView.swift */; };
		FDA0381E28F983400040A782 /* MatchesOfPlayer.swift in Sources */ = {isa = PBXBuildFile; fileRef = FDA0381D28F983400040A782 /* MatchesOfPlayer.swift */; };
		FDB1085A28FDADD80020F32C /* ProfileViewController.swift in Sources */ = {isa = PBXBuildFile; fileRef = FDB1085928FDADD80020F32C /* ProfileViewController.swift */; };
		FDB1085C28FDAF9B0020F32C /* LoginView.swift in Sources */ = {isa = PBXBuildFile; fileRef = FDB1085B28FDAF9B0020F32C /* LoginView.swift */; };
		FDB1086028FDD8790020F32C /* 68087-rocket.json in Resources */ = {isa = PBXBuildFile; fileRef = FDB1085D28FDD8790020F32C /* 68087-rocket.json */; };
		FDB1086128FDD8790020F32C /* 35201-rocket-launch.json in Resources */ = {isa = PBXBuildFile; fileRef = FDB1085E28FDD8790020F32C /* 35201-rocket-launch.json */; };
		FDB1086228FDD8790020F32C /* 119388-rocket.json in Resources */ = {isa = PBXBuildFile; fileRef = FDB1085F28FDD8790020F32C /* 119388-rocket.json */; };
		FDB3FFE828E2180C000D6DDC /* CompetitionTableView.swift in Sources */ = {isa = PBXBuildFile; fileRef = FDB3FFE728E2180C000D6DDC /* CompetitionTableView.swift */; };
		FDCCA2A028DADA7F00709E80 /* TabBarController.swift in Sources */ = {isa = PBXBuildFile; fileRef = FDCCA29F28DADA7F00709E80 /* TabBarController.swift */; };
		FDCCA2A228DAF97700709E80 /* AddCompetitionViewController.swift in Sources */ = {isa = PBXBuildFile; fileRef = FDCCA2A128DAF97700709E80 /* AddCompetitionViewController.swift */; };
		FDCCA2A428DAFA4600709E80 /* AnyCompUITextField.swift in Sources */ = {isa = PBXBuildFile; fileRef = FDCCA2A328DAFA4600709E80 /* AnyCompUITextField.swift */; };
		FDDD6DFE28FFC41300F9A649 /* CreateUserView.swift in Sources */ = {isa = PBXBuildFile; fileRef = FDDD6DFD28FFC41300F9A649 /* CreateUserView.swift */; };
		FDE14E2228DF15AB00005B51 /* CompetitionViewController.swift in Sources */ = {isa = PBXBuildFile; fileRef = FDE14E2128DF15AB00005B51 /* CompetitionViewController.swift */; };
		FDE7036128E412B500FF4F06 /* CompetitionNetView.swift in Sources */ = {isa = PBXBuildFile; fileRef = FDE7036028E412B500FF4F06 /* CompetitionNetView.swift */; };
		FDE720DD28DC8F9400FAF811 /* GoogleService-Info.plist in Resources */ = {isa = PBXBuildFile; fileRef = FDE720DC28DC8F9400FAF811 /* GoogleService-Info.plist */; };
		FDF7EDEB28E9E6EE00FAE28E /* UIColor+Extention.swift in Sources */ = {isa = PBXBuildFile; fileRef = FDF7EDEA28E9E6EE00FAE28E /* UIColor+Extention.swift */; };
		FDF7EDED28E9EBC900FAE28E /* CompetitionTableCollectionViewCell.swift in Sources */ = {isa = PBXBuildFile; fileRef = FDF7EDEC28E9EBC900FAE28E /* CompetitionTableCollectionViewCell.swift */; };
/* End PBXBuildFile section */

/* Begin PBXContainerItemProxy section */
		FD27FF0128D9A63F00D2A405 /* PBXContainerItemProxy */ = {
			isa = PBXContainerItemProxy;
			containerPortal = FD27FEDF28D9A63E00D2A405 /* Project object */;
			proxyType = 1;
			remoteGlobalIDString = FD27FEE628D9A63E00D2A405;
			remoteInfo = Any_competition;
		};
		FD27FF0B28D9A63F00D2A405 /* PBXContainerItemProxy */ = {
			isa = PBXContainerItemProxy;
			containerPortal = FD27FEDF28D9A63E00D2A405 /* Project object */;
			proxyType = 1;
			remoteGlobalIDString = FD27FEE628D9A63E00D2A405;
			remoteInfo = Any_competition;
		};
/* End PBXContainerItemProxy section */

/* Begin PBXFileReference section */
		5AEAA58907250BE7DBAF0AA9 /* Pods_Any_competition.framework */ = {isa = PBXFileReference; explicitFileType = wrapper.framework; includeInIndex = 0; path = Pods_Any_competition.framework; sourceTree = BUILT_PRODUCTS_DIR; };
		6BA5A152F1F2D2695D4A89FB /* Pods-Any_competition.release.xcconfig */ = {isa = PBXFileReference; includeInIndex = 1; lastKnownFileType = text.xcconfig; name = "Pods-Any_competition.release.xcconfig"; path = "Target Support Files/Pods-Any_competition/Pods-Any_competition.release.xcconfig"; sourceTree = "<group>"; };
		BD80565C5998C930EBEA977A /* Pods-Any_competition.debug.xcconfig */ = {isa = PBXFileReference; includeInIndex = 1; lastKnownFileType = text.xcconfig; name = "Pods-Any_competition.debug.xcconfig"; path = "Target Support Files/Pods-Any_competition/Pods-Any_competition.debug.xcconfig"; sourceTree = "<group>"; };
		FD08C7D628DF511E00C18CD1 /* MyMatch.swift */ = {isa = PBXFileReference; lastKnownFileType = sourcecode.swift; path = MyMatch.swift; sourceTree = "<group>"; };
		FD0D008728DDA29B00C47570 /* ConfigurateCompetitionViewController.swift */ = {isa = PBXFileReference; lastKnownFileType = sourcecode.swift; path = ConfigurateCompetitionViewController.swift; sourceTree = "<group>"; };
		FD0D008928DDBF0200C47570 /* PlayersInfoTableViewCell.swift */ = {isa = PBXFileReference; lastKnownFileType = sourcecode.swift; path = PlayersInfoTableViewCell.swift; sourceTree = "<group>"; };
		FD0FB29628ECBCE6000789CD /* TestViewController.swift */ = {isa = PBXFileReference; lastKnownFileType = sourcecode.swift; path = TestViewController.swift; sourceTree = "<group>"; };
		FD1E1FFD28F08ED1001CF0EA /* DateFormater.swift */ = {isa = PBXFileReference; fileEncoding = 4; lastKnownFileType = sourcecode.swift; path = DateFormater.swift; sourceTree = "<group>"; };
		FD1E1FFF28F096C8001CF0EA /* PlayerDataCollectionViewCell.swift */ = {isa = PBXFileReference; lastKnownFileType = sourcecode.swift; path = PlayerDataCollectionViewCell.swift; sourceTree = "<group>"; };
		FD1E200128F1A7A5001CF0EA /* shakeTextFieldifEmpty.swift */ = {isa = PBXFileReference; lastKnownFileType = sourcecode.swift; path = shakeTextFieldifEmpty.swift; sourceTree = "<group>"; };
		FD20D63928DB0B19007F5F8F /* CompetitionsViewController.swift */ = {isa = PBXFileReference; lastKnownFileType = sourcecode.swift; path = CompetitionsViewController.swift; sourceTree = "<group>"; };
		FD20D63C28DB0DE9007F5F8F /* CompetitionCollectionViewCell.swift */ = {isa = PBXFileReference; lastKnownFileType = sourcecode.swift; path = CompetitionCollectionViewCell.swift; sourceTree = "<group>"; };
		FD20D63F28DB0E97007F5F8F /* UIView+Extention.swift */ = {isa = PBXFileReference; lastKnownFileType = sourcecode.swift; path = "UIView+Extention.swift"; sourceTree = "<group>"; };
		FD20D64428DB3AA0007F5F8F /* Competition.swift */ = {isa = PBXFileReference; lastKnownFileType = sourcecode.swift; path = Competition.swift; sourceTree = "<group>"; };
		FD20D64828DB4FF1007F5F8F /* CompetitionFetch.swift */ = {isa = PBXFileReference; lastKnownFileType = sourcecode.swift; path = CompetitionFetch.swift; sourceTree = "<group>"; };
		FD27FEE728D9A63E00D2A405 /* Any_competition.app */ = {isa = PBXFileReference; explicitFileType = wrapper.application; includeInIndex = 0; path = Any_competition.app; sourceTree = BUILT_PRODUCTS_DIR; };
		FD27FEEA28D9A63E00D2A405 /* AppDelegate.swift */ = {isa = PBXFileReference; lastKnownFileType = sourcecode.swift; path = AppDelegate.swift; sourceTree = "<group>"; };
		FD27FEEC28D9A63E00D2A405 /* SceneDelegate.swift */ = {isa = PBXFileReference; lastKnownFileType = sourcecode.swift; path = SceneDelegate.swift; sourceTree = "<group>"; };
		FD27FEEE28D9A63E00D2A405 /* StartViewController.swift */ = {isa = PBXFileReference; lastKnownFileType = sourcecode.swift; path = StartViewController.swift; sourceTree = "<group>"; };
		FD27FEF428D9A63E00D2A405 /* Any_competition.xcdatamodel */ = {isa = PBXFileReference; lastKnownFileType = wrapper.xcdatamodel; path = Any_competition.xcdatamodel; sourceTree = "<group>"; };
		FD27FEF628D9A63F00D2A405 /* Assets.xcassets */ = {isa = PBXFileReference; lastKnownFileType = folder.assetcatalog; path = Assets.xcassets; sourceTree = "<group>"; };
		FD27FEF928D9A63F00D2A405 /* Base */ = {isa = PBXFileReference; lastKnownFileType = file.storyboard; name = Base; path = Base.lproj/LaunchScreen.storyboard; sourceTree = "<group>"; };
		FD27FEFB28D9A63F00D2A405 /* Info.plist */ = {isa = PBXFileReference; lastKnownFileType = text.plist.xml; path = Info.plist; sourceTree = "<group>"; };
		FD27FF0028D9A63F00D2A405 /* Any_competitionTests.xctest */ = {isa = PBXFileReference; explicitFileType = wrapper.cfbundle; includeInIndex = 0; path = Any_competitionTests.xctest; sourceTree = BUILT_PRODUCTS_DIR; };
		FD27FF0428D9A63F00D2A405 /* Any_competitionTests.swift */ = {isa = PBXFileReference; lastKnownFileType = sourcecode.swift; path = Any_competitionTests.swift; sourceTree = "<group>"; };
		FD27FF0A28D9A63F00D2A405 /* Any_competitionUITests.xctest */ = {isa = PBXFileReference; explicitFileType = wrapper.cfbundle; includeInIndex = 0; path = Any_competitionUITests.xctest; sourceTree = BUILT_PRODUCTS_DIR; };
		FD27FF0E28D9A63F00D2A405 /* Any_competitionUITests.swift */ = {isa = PBXFileReference; lastKnownFileType = sourcecode.swift; path = Any_competitionUITests.swift; sourceTree = "<group>"; };
		FD27FF1028D9A63F00D2A405 /* Any_competitionUITestsLaunchTests.swift */ = {isa = PBXFileReference; lastKnownFileType = sourcecode.swift; path = Any_competitionUITestsLaunchTests.swift; sourceTree = "<group>"; };
		FD27FF2828D9D27100D2A405 /* 8-BIT WONDER.ttf */ = {isa = PBXFileReference; lastKnownFileType = file; path = "8-BIT WONDER.ttf"; sourceTree = "<group>"; };
		FD27FF2928D9D27100D2A405 /* tight_pixel.ttf */ = {isa = PBXFileReference; lastKnownFileType = file; path = tight_pixel.ttf; sourceTree = "<group>"; };
		FD27FF2A28D9D27100D2A405 /* PressStart2P-vaV7.ttf */ = {isa = PBXFileReference; lastKnownFileType = file; path = "PressStart2P-vaV7.ttf"; sourceTree = "<group>"; };
		FD27FF2B28D9D27100D2A405 /* Pixel LCD-7.ttf */ = {isa = PBXFileReference; lastKnownFileType = file; path = "Pixel LCD-7.ttf"; sourceTree = "<group>"; };
		FD27FF2C28D9D27100D2A405 /* 04B_30__.TTF */ = {isa = PBXFileReference; lastKnownFileType = file; path = 04B_30__.TTF; sourceTree = "<group>"; };
		FD27FF3328D9DFAF00D2A405 /* AnyCompUILabel.swift */ = {isa = PBXFileReference; lastKnownFileType = sourcecode.swift; path = AnyCompUILabel.swift; sourceTree = "<group>"; };
		FD27FF3528D9E85900D2A405 /* AnyCompUIButton.swift */ = {isa = PBXFileReference; lastKnownFileType = sourcecode.swift; path = AnyCompUIButton.swift; sourceTree = "<group>"; };
		FD29C22428E040EF00C3B7EB /* MatchViewController.swift */ = {isa = PBXFileReference; lastKnownFileType = sourcecode.swift; path = MatchViewController.swift; sourceTree = "<group>"; };
		FD2D637B28FC0E02007C4D94 /* Database.swift */ = {isa = PBXFileReference; lastKnownFileType = sourcecode.swift; path = Database.swift; sourceTree = "<group>"; };
		FD339E9828E34D6D000DD8F3 /* UIFont+Extention.swift */ = {isa = PBXFileReference; lastKnownFileType = sourcecode.swift; path = "UIFont+Extention.swift"; sourceTree = "<group>"; };
		FD59CC1028EEA2AB008818B1 /* loading.json */ = {isa = PBXFileReference; fileEncoding = 4; lastKnownFileType = text.json; path = loading.json; sourceTree = "<group>"; };
		FD68DC4528E2D61A00FE0E64 /* CompetitionTable.swift */ = {isa = PBXFileReference; lastKnownFileType = sourcecode.swift; path = CompetitionTable.swift; sourceTree = "<group>"; };
		FD6E751528F6E63A005DB75F /* CompetitionsData.swift */ = {isa = PBXFileReference; lastKnownFileType = sourcecode.swift; path = CompetitionsData.swift; sourceTree = "<group>"; };
		FD6F05F828F7F1E500F0F718 /* congratulations.json */ = {isa = PBXFileReference; fileEncoding = 4; lastKnownFileType = text.json; path = congratulations.json; sourceTree = "<group>"; };
		FD6F05FA28F7F34400F0F718 /* 78540-confetti-congratulation-sparkle.json */ = {isa = PBXFileReference; fileEncoding = 4; lastKnownFileType = text.json; path = "78540-confetti-congratulation-sparkle.json"; sourceTree = "<group>"; };
		FD6F05FC28F80E0900F0F718 /* lf30_editor_tibwdgvt.json */ = {isa = PBXFileReference; fileEncoding = 4; lastKnownFileType = text.json; path = lf30_editor_tibwdgvt.json; sourceTree = "<group>"; };
		FD6F05FE28F80ECC00F0F718 /* 73966-confetti.json */ = {isa = PBXFileReference; fileEncoding = 4; lastKnownFileType = text.json; path = "73966-confetti.json"; sourceTree = "<group>"; };
		FD6F060028F8247F00F0F718 /* MatchIndex.swift */ = {isa = PBXFileReference; lastKnownFileType = sourcecode.swift; path = MatchIndex.swift; sourceTree = "<group>"; };
		FD73A21B28FF254B005FAFCE /* AnyCompClearUIButton.swift */ = {isa = PBXFileReference; lastKnownFileType = sourcecode.swift; path = AnyCompClearUIButton.swift; sourceTree = "<group>"; };
		FD7C894928ED55D100699A7E /* AnyCompLogoUILabel.swift */ = {isa = PBXFileReference; lastKnownFileType = sourcecode.swift; path = AnyCompLogoUILabel.swift; sourceTree = "<group>"; };
		FD7D09812900559400E6CE60 /* User.swift */ = {isa = PBXFileReference; lastKnownFileType = sourcecode.swift; path = User.swift; sourceTree = "<group>"; };
		FD85BA6628FE75EE0027468E /* ProfileView.swift */ = {isa = PBXFileReference; lastKnownFileType = sourcecode.swift; path = ProfileView.swift; sourceTree = "<group>"; };
		FD85BA6828FE83C80027468E /* 98200-drag.json */ = {isa = PBXFileReference; fileEncoding = 4; lastKnownFileType = text.json; path = "98200-drag.json"; sourceTree = "<group>"; };
		FD85BA6A28FE86500027468E /* 93693-moving-truck.json */ = {isa = PBXFileReference; fileEncoding = 4; lastKnownFileType = text.json; path = "93693-moving-truck.json"; sourceTree = "<group>"; };
		FD91763D28EACD460017014B /* DiaryOfAn8BitMage-lYDD.ttf */ = {isa = PBXFileReference; lastKnownFileType = file; path = "DiaryOfAn8BitMage-lYDD.ttf"; sourceTree = "<group>"; };
		FD91763F28EACD470017014B /* Hardpixel-nn51.otf */ = {isa = PBXFileReference; lastKnownFileType = file; path = "Hardpixel-nn51.otf"; sourceTree = "<group>"; };
		FD94809228F4697500B31A89 /* Match.swift */ = {isa = PBXFileReference; lastKnownFileType = sourcecode.swift; path = Match.swift; sourceTree = "<group>"; };
		FD94809428F46C1700B31A89 /* Player.swift */ = {isa = PBXFileReference; lastKnownFileType = sourcecode.swift; path = Player.swift; sourceTree = "<group>"; };
		FD94809628F46C4100B31A89 /* Info.swift */ = {isa = PBXFileReference; lastKnownFileType = sourcecode.swift; path = Info.swift; sourceTree = "<group>"; };
		FD9604F028ECC38A009C902E /* darts1.json */ = {isa = PBXFileReference; fileEncoding = 4; lastKnownFileType = text.json; path = darts1.json; sourceTree = "<group>"; };
		FD9604F128ECC38B009C902E /* darts2.json */ = {isa = PBXFileReference; fileEncoding = 4; lastKnownFileType = text.json; path = darts2.json; sourceTree = "<group>"; };
		FD96E63E290E6CFE00B51FD0 /* CompetitionsCollectionView.swift */ = {isa = PBXFileReference; lastKnownFileType = sourcecode.swift; path = CompetitionsCollectionView.swift; sourceTree = "<group>"; };
		FDA0381D28F983400040A782 /* MatchesOfPlayer.swift */ = {isa = PBXFileReference; lastKnownFileType = sourcecode.swift; path = MatchesOfPlayer.swift; sourceTree = "<group>"; };
		FDB1085928FDADD80020F32C /* ProfileViewController.swift */ = {isa = PBXFileReference; lastKnownFileType = sourcecode.swift; path = ProfileViewController.swift; sourceTree = "<group>"; };
		FDB1085B28FDAF9B0020F32C /* LoginView.swift */ = {isa = PBXFileReference; lastKnownFileType = sourcecode.swift; path = LoginView.swift; sourceTree = "<group>"; };
		FDB1085D28FDD8790020F32C /* 68087-rocket.json */ = {isa = PBXFileReference; fileEncoding = 4; lastKnownFileType = text.json; path = "68087-rocket.json"; sourceTree = "<group>"; };
		FDB1085E28FDD8790020F32C /* 35201-rocket-launch.json */ = {isa = PBXFileReference; fileEncoding = 4; lastKnownFileType = text.json; path = "35201-rocket-launch.json"; sourceTree = "<group>"; };
		FDB1085F28FDD8790020F32C /* 119388-rocket.json */ = {isa = PBXFileReference; fileEncoding = 4; lastKnownFileType = text.json; path = "119388-rocket.json"; sourceTree = "<group>"; };
		FDB3FFE728E2180C000D6DDC /* CompetitionTableView.swift */ = {isa = PBXFileReference; lastKnownFileType = sourcecode.swift; path = CompetitionTableView.swift; sourceTree = "<group>"; };
		FDCCA29F28DADA7F00709E80 /* TabBarController.swift */ = {isa = PBXFileReference; fileEncoding = 4; lastKnownFileType = sourcecode.swift; path = TabBarController.swift; sourceTree = "<group>"; };
		FDCCA2A128DAF97700709E80 /* AddCompetitionViewController.swift */ = {isa = PBXFileReference; lastKnownFileType = sourcecode.swift; path = AddCompetitionViewController.swift; sourceTree = "<group>"; };
		FDCCA2A328DAFA4600709E80 /* AnyCompUITextField.swift */ = {isa = PBXFileReference; lastKnownFileType = sourcecode.swift; path = AnyCompUITextField.swift; sourceTree = "<group>"; };
		FDDD6DFD28FFC41300F9A649 /* CreateUserView.swift */ = {isa = PBXFileReference; lastKnownFileType = sourcecode.swift; path = CreateUserView.swift; sourceTree = "<group>"; };
		FDE14E2128DF15AB00005B51 /* CompetitionViewController.swift */ = {isa = PBXFileReference; lastKnownFileType = sourcecode.swift; path = CompetitionViewController.swift; sourceTree = "<group>"; };
		FDE7036028E412B500FF4F06 /* CompetitionNetView.swift */ = {isa = PBXFileReference; lastKnownFileType = sourcecode.swift; path = CompetitionNetView.swift; sourceTree = "<group>"; };
		FDE720DC28DC8F9400FAF811 /* GoogleService-Info.plist */ = {isa = PBXFileReference; fileEncoding = 4; lastKnownFileType = text.plist.xml; path = "GoogleService-Info.plist"; sourceTree = "<group>"; };
		FDF7EDEA28E9E6EE00FAE28E /* UIColor+Extention.swift */ = {isa = PBXFileReference; lastKnownFileType = sourcecode.swift; path = "UIColor+Extention.swift"; sourceTree = "<group>"; };
		FDF7EDEC28E9EBC900FAE28E /* CompetitionTableCollectionViewCell.swift */ = {isa = PBXFileReference; lastKnownFileType = sourcecode.swift; path = CompetitionTableCollectionViewCell.swift; sourceTree = "<group>"; };
/* End PBXFileReference section */

/* Begin PBXFrameworksBuildPhase section */
		FD27FEE428D9A63E00D2A405 /* Frameworks */ = {
			isa = PBXFrameworksBuildPhase;
			buildActionMask = 2147483647;
			files = (
				8A20C85D97005FEA72552B2D /* Pods_Any_competition.framework in Frameworks */,
			);
			runOnlyForDeploymentPostprocessing = 0;
		};
		FD27FEFD28D9A63F00D2A405 /* Frameworks */ = {
			isa = PBXFrameworksBuildPhase;
			buildActionMask = 2147483647;
			files = (
			);
			runOnlyForDeploymentPostprocessing = 0;
		};
		FD27FF0728D9A63F00D2A405 /* Frameworks */ = {
			isa = PBXFrameworksBuildPhase;
			buildActionMask = 2147483647;
			files = (
			);
			runOnlyForDeploymentPostprocessing = 0;
		};
/* End PBXFrameworksBuildPhase section */

/* Begin PBXGroup section */
		1789E39D145814DE105E37BE /* Pods */ = {
			isa = PBXGroup;
			children = (
				BD80565C5998C930EBEA977A /* Pods-Any_competition.debug.xcconfig */,
				6BA5A152F1F2D2695D4A89FB /* Pods-Any_competition.release.xcconfig */,
			);
			path = Pods;
			sourceTree = "<group>";
		};
		FD20D63B28DB0DC9007F5F8F /* Cells */ = {
			isa = PBXGroup;
			children = (
				FD20D63C28DB0DE9007F5F8F /* CompetitionCollectionViewCell.swift */,
				FD0D008928DDBF0200C47570 /* PlayersInfoTableViewCell.swift */,
				FDF7EDEC28E9EBC900FAE28E /* CompetitionTableCollectionViewCell.swift */,
				FD1E1FFF28F096C8001CF0EA /* PlayerDataCollectionViewCell.swift */,
			);
			path = Cells;
			sourceTree = "<group>";
		};
		FD20D63E28DB0E6A007F5F8F /* Extention */ = {
			isa = PBXGroup;
			children = (
				FD20D63F28DB0E97007F5F8F /* UIView+Extention.swift */,
				FD339E9828E34D6D000DD8F3 /* UIFont+Extention.swift */,
				FDF7EDEA28E9E6EE00FAE28E /* UIColor+Extention.swift */,
			);
			path = Extention;
			sourceTree = "<group>";
		};
		FD20D64128DB1FA5007F5F8F /* Models */ = {
			isa = PBXGroup;
			children = (
				FD20D64428DB3AA0007F5F8F /* Competition.swift */,
				FD94809628F46C4100B31A89 /* Info.swift */,
				FD94809428F46C1700B31A89 /* Player.swift */,
				FD68DC4528E2D61A00FE0E64 /* CompetitionTable.swift */,
				FD94809228F4697500B31A89 /* Match.swift */,
				FD6F060028F8247F00F0F718 /* MatchIndex.swift */,
				FD1E1FFD28F08ED1001CF0EA /* DateFormater.swift */,
				FDA0381D28F983400040A782 /* MatchesOfPlayer.swift */,
				FD7D09812900559400E6CE60 /* User.swift */,
			);
			path = Models;
			sourceTree = "<group>";
		};
		FD27FEDE28D9A63E00D2A405 = {
			isa = PBXGroup;
			children = (
				FD27FEE928D9A63E00D2A405 /* Any_competition */,
				FD27FF0328D9A63F00D2A405 /* Any_competitionTests */,
				FD27FF0D28D9A63F00D2A405 /* Any_competitionUITests */,
				FD27FEE828D9A63E00D2A405 /* Products */,
				FDE720DE28DC90D700FAF811 /* Frameworks */,
				1789E39D145814DE105E37BE /* Pods */,
			);
			sourceTree = "<group>";
		};
		FD27FEE828D9A63E00D2A405 /* Products */ = {
			isa = PBXGroup;
			children = (
				FD27FEE728D9A63E00D2A405 /* Any_competition.app */,
				FD27FF0028D9A63F00D2A405 /* Any_competitionTests.xctest */,
				FD27FF0A28D9A63F00D2A405 /* Any_competitionUITests.xctest */,
			);
			name = Products;
			sourceTree = "<group>";
		};
		FD27FEE928D9A63E00D2A405 /* Any_competition */ = {
			isa = PBXGroup;
			children = (
				FD27FF1D28D9AA2300D2A405 /* Fonts */,
				FD9604EF28ECC364009C902E /* Animations */,
				FD339E9B28E363B2000DD8F3 /* Views */,
				FDE14E1E28DEDBD600005B51 /* Database */,
				FD6E751428F6E526005DB75F /* Data */,
				FD20D64128DB1FA5007F5F8F /* Models */,
				FD20D63E28DB0E6A007F5F8F /* Extention */,
				FD20D63B28DB0DC9007F5F8F /* Cells */,
				FD27FF3728D9EEF000D2A405 /* Controllers */,
				FD27FF3228D9DF7F00D2A405 /* CommonUI */,
				FD27FEEA28D9A63E00D2A405 /* AppDelegate.swift */,
				FD27FEEC28D9A63E00D2A405 /* SceneDelegate.swift */,
				FD27FEF628D9A63F00D2A405 /* Assets.xcassets */,
				FD20D64828DB4FF1007F5F8F /* CompetitionFetch.swift */,
				FD27FEF828D9A63F00D2A405 /* LaunchScreen.storyboard */,
				FD27FEFB28D9A63F00D2A405 /* Info.plist */,
				FDE720DC28DC8F9400FAF811 /* GoogleService-Info.plist */,
				FD27FEF328D9A63E00D2A405 /* Any_competition.xcdatamodeld */,
				FD08C7D628DF511E00C18CD1 /* MyMatch.swift */,
			);
			path = Any_competition;
			sourceTree = "<group>";
		};
		FD27FF0328D9A63F00D2A405 /* Any_competitionTests */ = {
			isa = PBXGroup;
			children = (
				FD27FF0428D9A63F00D2A405 /* Any_competitionTests.swift */,
			);
			path = Any_competitionTests;
			sourceTree = "<group>";
		};
		FD27FF0D28D9A63F00D2A405 /* Any_competitionUITests */ = {
			isa = PBXGroup;
			children = (
				FD27FF0E28D9A63F00D2A405 /* Any_competitionUITests.swift */,
				FD27FF1028D9A63F00D2A405 /* Any_competitionUITestsLaunchTests.swift */,
			);
			path = Any_competitionUITests;
			sourceTree = "<group>";
		};
		FD27FF1D28D9AA2300D2A405 /* Fonts */ = {
			isa = PBXGroup;
			children = (
				FD91763D28EACD460017014B /* DiaryOfAn8BitMage-lYDD.ttf */,
				FD91763F28EACD470017014B /* Hardpixel-nn51.otf */,
				FD27FF2C28D9D27100D2A405 /* 04B_30__.TTF */,
				FD27FF2828D9D27100D2A405 /* 8-BIT WONDER.ttf */,
				FD27FF2B28D9D27100D2A405 /* Pixel LCD-7.ttf */,
				FD27FF2A28D9D27100D2A405 /* PressStart2P-vaV7.ttf */,
				FD27FF2928D9D27100D2A405 /* tight_pixel.ttf */,
			);
			path = Fonts;
			sourceTree = "<group>";
		};
		FD27FF3228D9DF7F00D2A405 /* CommonUI */ = {
			isa = PBXGroup;
			children = (
				FD27FF3328D9DFAF00D2A405 /* AnyCompUILabel.swift */,
				FD7C894928ED55D100699A7E /* AnyCompLogoUILabel.swift */,
				FD27FF3528D9E85900D2A405 /* AnyCompUIButton.swift */,
				FD73A21B28FF254B005FAFCE /* AnyCompClearUIButton.swift */,
				FDCCA2A328DAFA4600709E80 /* AnyCompUITextField.swift */,
			);
			path = CommonUI;
			sourceTree = "<group>";
		};
		FD27FF3728D9EEF000D2A405 /* Controllers */ = {
			isa = PBXGroup;
			children = (
				FD339E9A28E3637F000DD8F3 /* StartViewController */,
				FD339E9C28E363C4000DD8F3 /* CompetitionsViewController */,
				FDB1085828FDAD900020F32C /* ProfileViewController */,
				FD0FB29628ECBCE6000789CD /* TestViewController.swift */,
				FDCCA29F28DADA7F00709E80 /* TabBarController.swift */,
			);
			path = Controllers;
			sourceTree = "<group>";
		};
		FD339E9A28E3637F000DD8F3 /* StartViewController */ = {
			isa = PBXGroup;
			children = (
				FD0D008728DDA29B00C47570 /* ConfigurateCompetitionViewController.swift */,
				FDCCA2A128DAF97700709E80 /* AddCompetitionViewController.swift */,
				FD27FEEE28D9A63E00D2A405 /* StartViewController.swift */,
			);
			path = StartViewController;
			sourceTree = "<group>";
		};
		FD339E9B28E363B2000DD8F3 /* Views */ = {
			isa = PBXGroup;
			children = (
				FDB3FFE728E2180C000D6DDC /* CompetitionTableView.swift */,
				FDE7036028E412B500FF4F06 /* CompetitionNetView.swift */,
				FD96E63E290E6CFE00B51FD0 /* CompetitionsCollectionView.swift */,
				FDB1085B28FDAF9B0020F32C /* LoginView.swift */,
				FD85BA6628FE75EE0027468E /* ProfileView.swift */,
				FDDD6DFD28FFC41300F9A649 /* CreateUserView.swift */,
			);
			path = Views;
			sourceTree = "<group>";
		};
		FD339E9C28E363C4000DD8F3 /* CompetitionsViewController */ = {
			isa = PBXGroup;
			children = (
				FD20D63928DB0B19007F5F8F /* CompetitionsViewController.swift */,
				FDE14E2128DF15AB00005B51 /* CompetitionViewController.swift */,
				FD29C22428E040EF00C3B7EB /* MatchViewController.swift */,
			);
			path = CompetitionsViewController;
			sourceTree = "<group>";
		};
		FD6E751428F6E526005DB75F /* Data */ = {
			isa = PBXGroup;
			children = (
				FD6E751528F6E63A005DB75F /* CompetitionsData.swift */,
			);
			name = Data;
			path = Database/Data;
			sourceTree = "<group>";
		};
		FD9604EF28ECC364009C902E /* Animations */ = {
			isa = PBXGroup;
			children = (
				FD9604F028ECC38A009C902E /* darts1.json */,
				FD9604F128ECC38B009C902E /* darts2.json */,
				FD59CC1028EEA2AB008818B1 /* loading.json */,
				FD6F05F828F7F1E500F0F718 /* congratulations.json */,
				FD6F05FC28F80E0900F0F718 /* lf30_editor_tibwdgvt.json */,
				FD6F05FE28F80ECC00F0F718 /* 73966-confetti.json */,
				FD6F05FA28F7F34400F0F718 /* 78540-confetti-congratulation-sparkle.json */,
				FDB1085E28FDD8790020F32C /* 35201-rocket-launch.json */,
				FDB1085D28FDD8790020F32C /* 68087-rocket.json */,
				FDB1085F28FDD8790020F32C /* 119388-rocket.json */,
				FD1E200128F1A7A5001CF0EA /* shakeTextFieldifEmpty.swift */,
				FD85BA6828FE83C80027468E /* 98200-drag.json */,
				FD85BA6A28FE86500027468E /* 93693-moving-truck.json */,
			);
			path = Animations;
			sourceTree = "<group>";
		};
		FDB1085828FDAD900020F32C /* ProfileViewController */ = {
			isa = PBXGroup;
			children = (
				FDB1085928FDADD80020F32C /* ProfileViewController.swift */,
			);
			path = ProfileViewController;
			sourceTree = "<group>";
		};
		FDE14E1E28DEDBD600005B51 /* Database */ = {
			isa = PBXGroup;
			children = (
				FD2D637B28FC0E02007C4D94 /* Database.swift */,
			);
			path = Database;
			sourceTree = "<group>";
		};
		FDE720DE28DC90D700FAF811 /* Frameworks */ = {
			isa = PBXGroup;
			children = (
				5AEAA58907250BE7DBAF0AA9 /* Pods_Any_competition.framework */,
			);
			name = Frameworks;
			sourceTree = "<group>";
		};
/* End PBXGroup section */

/* Begin PBXNativeTarget section */
		FD27FEE628D9A63E00D2A405 /* Any_competition */ = {
			isa = PBXNativeTarget;
			buildConfigurationList = FD27FF1428D9A63F00D2A405 /* Build configuration list for PBXNativeTarget "Any_competition" */;
			buildPhases = (
				5415275E28A59BDD4B4529C1 /* [CP] Check Pods Manifest.lock */,
				FD27FEE328D9A63E00D2A405 /* Sources */,
				FD27FEE428D9A63E00D2A405 /* Frameworks */,
				FD27FEE528D9A63E00D2A405 /* Resources */,
				8D4FA059E65E869F3BB5E78A /* [CP] Embed Pods Frameworks */,
			);
			buildRules = (
			);
			dependencies = (
			);
			name = Any_competition;
			productName = Any_competition;
			productReference = FD27FEE728D9A63E00D2A405 /* Any_competition.app */;
			productType = "com.apple.product-type.application";
		};
		FD27FEFF28D9A63F00D2A405 /* Any_competitionTests */ = {
			isa = PBXNativeTarget;
			buildConfigurationList = FD27FF1728D9A63F00D2A405 /* Build configuration list for PBXNativeTarget "Any_competitionTests" */;
			buildPhases = (
				FD27FEFC28D9A63F00D2A405 /* Sources */,
				FD27FEFD28D9A63F00D2A405 /* Frameworks */,
				FD27FEFE28D9A63F00D2A405 /* Resources */,
			);
			buildRules = (
			);
			dependencies = (
				FD27FF0228D9A63F00D2A405 /* PBXTargetDependency */,
			);
			name = Any_competitionTests;
			productName = Any_competitionTests;
			productReference = FD27FF0028D9A63F00D2A405 /* Any_competitionTests.xctest */;
			productType = "com.apple.product-type.bundle.unit-test";
		};
		FD27FF0928D9A63F00D2A405 /* Any_competitionUITests */ = {
			isa = PBXNativeTarget;
			buildConfigurationList = FD27FF1A28D9A63F00D2A405 /* Build configuration list for PBXNativeTarget "Any_competitionUITests" */;
			buildPhases = (
				FD27FF0628D9A63F00D2A405 /* Sources */,
				FD27FF0728D9A63F00D2A405 /* Frameworks */,
				FD27FF0828D9A63F00D2A405 /* Resources */,
			);
			buildRules = (
			);
			dependencies = (
				FD27FF0C28D9A63F00D2A405 /* PBXTargetDependency */,
			);
			name = Any_competitionUITests;
			productName = Any_competitionUITests;
			productReference = FD27FF0A28D9A63F00D2A405 /* Any_competitionUITests.xctest */;
			productType = "com.apple.product-type.bundle.ui-testing";
		};
/* End PBXNativeTarget section */

/* Begin PBXProject section */
		FD27FEDF28D9A63E00D2A405 /* Project object */ = {
			isa = PBXProject;
			attributes = {
				BuildIndependentTargetsInParallel = 1;
				LastSwiftUpdateCheck = 1400;
				LastUpgradeCheck = 1400;
				TargetAttributes = {
					FD27FEE628D9A63E00D2A405 = {
						CreatedOnToolsVersion = 14.0;
					};
					FD27FEFF28D9A63F00D2A405 = {
						CreatedOnToolsVersion = 14.0;
						TestTargetID = FD27FEE628D9A63E00D2A405;
					};
					FD27FF0928D9A63F00D2A405 = {
						CreatedOnToolsVersion = 14.0;
						TestTargetID = FD27FEE628D9A63E00D2A405;
					};
				};
			};
			buildConfigurationList = FD27FEE228D9A63E00D2A405 /* Build configuration list for PBXProject "Any_competition" */;
			compatibilityVersion = "Xcode 14.0";
			developmentRegion = en;
			hasScannedForEncodings = 0;
			knownRegions = (
				en,
				Base,
			);
			mainGroup = FD27FEDE28D9A63E00D2A405;
			productRefGroup = FD27FEE828D9A63E00D2A405 /* Products */;
			projectDirPath = "";
			projectRoot = "";
			targets = (
				FD27FEE628D9A63E00D2A405 /* Any_competition */,
				FD27FEFF28D9A63F00D2A405 /* Any_competitionTests */,
				FD27FF0928D9A63F00D2A405 /* Any_competitionUITests */,
			);
		};
/* End PBXProject section */

/* Begin PBXResourcesBuildPhase section */
		FD27FEE528D9A63E00D2A405 /* Resources */ = {
			isa = PBXResourcesBuildPhase;
			buildActionMask = 2147483647;
			files = (
				FD27FF3028D9D27100D2A405 /* Pixel LCD-7.ttf in Resources */,
				FDE720DD28DC8F9400FAF811 /* GoogleService-Info.plist in Resources */,
				FD85BA6B28FE86500027468E /* 93693-moving-truck.json in Resources */,
				FD85BA6928FE83C80027468E /* 98200-drag.json in Resources */,
				FD6F05F928F7F1E500F0F718 /* congratulations.json in Resources */,
				FD27FF3128D9D27100D2A405 /* 04B_30__.TTF in Resources */,
				FD546BBB28EACFBE006B21B1 /* Hardpixel-nn51.otf in Resources */,
				FDB1086228FDD8790020F32C /* 119388-rocket.json in Resources */,
				FD9604F228ECC38B009C902E /* darts1.json in Resources */,
				FD6F05FD28F80E0900F0F718 /* lf30_editor_tibwdgvt.json in Resources */,
				FD546BBC28EACFBE006B21B1 /* DiaryOfAn8BitMage-lYDD.ttf in Resources */,
				FD59CC1128EEA2AB008818B1 /* loading.json in Resources */,
				FD27FF2E28D9D27100D2A405 /* tight_pixel.ttf in Resources */,
				FD6F05FF28F80ECC00F0F718 /* 73966-confetti.json in Resources */,
				FD9604F328ECC38B009C902E /* darts2.json in Resources */,
				FD27FEFA28D9A63F00D2A405 /* LaunchScreen.storyboard in Resources */,
				FD6F05FB28F7F34400F0F718 /* 78540-confetti-congratulation-sparkle.json in Resources */,
				FD27FF2D28D9D27100D2A405 /* 8-BIT WONDER.ttf in Resources */,
				FD27FEF728D9A63F00D2A405 /* Assets.xcassets in Resources */,
				FD27FF2F28D9D27100D2A405 /* PressStart2P-vaV7.ttf in Resources */,
				FDB1086028FDD8790020F32C /* 68087-rocket.json in Resources */,
				FDB1086128FDD8790020F32C /* 35201-rocket-launch.json in Resources */,
			);
			runOnlyForDeploymentPostprocessing = 0;
		};
		FD27FEFE28D9A63F00D2A405 /* Resources */ = {
			isa = PBXResourcesBuildPhase;
			buildActionMask = 2147483647;
			files = (
			);
			runOnlyForDeploymentPostprocessing = 0;
		};
		FD27FF0828D9A63F00D2A405 /* Resources */ = {
			isa = PBXResourcesBuildPhase;
			buildActionMask = 2147483647;
			files = (
			);
			runOnlyForDeploymentPostprocessing = 0;
		};
/* End PBXResourcesBuildPhase section */

/* Begin PBXShellScriptBuildPhase section */
		5415275E28A59BDD4B4529C1 /* [CP] Check Pods Manifest.lock */ = {
			isa = PBXShellScriptBuildPhase;
			buildActionMask = 2147483647;
			files = (
			);
			inputFileListPaths = (
			);
			inputPaths = (
				"${PODS_PODFILE_DIR_PATH}/Podfile.lock",
				"${PODS_ROOT}/Manifest.lock",
			);
			name = "[CP] Check Pods Manifest.lock";
			outputFileListPaths = (
			);
			outputPaths = (
				"$(DERIVED_FILE_DIR)/Pods-Any_competition-checkManifestLockResult.txt",
			);
			runOnlyForDeploymentPostprocessing = 0;
			shellPath = /bin/sh;
			shellScript = "diff \"${PODS_PODFILE_DIR_PATH}/Podfile.lock\" \"${PODS_ROOT}/Manifest.lock\" > /dev/null\nif [ $? != 0 ] ; then\n    # print error to STDERR\n    echo \"error: The sandbox is not in sync with the Podfile.lock. Run 'pod install' or update your CocoaPods installation.\" >&2\n    exit 1\nfi\n# This output is used by Xcode 'outputs' to avoid re-running this script phase.\necho \"SUCCESS\" > \"${SCRIPT_OUTPUT_FILE_0}\"\n";
			showEnvVarsInLog = 0;
		};
		8D4FA059E65E869F3BB5E78A /* [CP] Embed Pods Frameworks */ = {
			isa = PBXShellScriptBuildPhase;
			buildActionMask = 2147483647;
			files = (
			);
			inputFileListPaths = (
				"${PODS_ROOT}/Target Support Files/Pods-Any_competition/Pods-Any_competition-frameworks-${CONFIGURATION}-input-files.xcfilelist",
			);
			name = "[CP] Embed Pods Frameworks";
			outputFileListPaths = (
				"${PODS_ROOT}/Target Support Files/Pods-Any_competition/Pods-Any_competition-frameworks-${CONFIGURATION}-output-files.xcfilelist",
			);
			runOnlyForDeploymentPostprocessing = 0;
			shellPath = /bin/sh;
			shellScript = "\"${PODS_ROOT}/Target Support Files/Pods-Any_competition/Pods-Any_competition-frameworks.sh\"\n";
			showEnvVarsInLog = 0;
		};
/* End PBXShellScriptBuildPhase section */

/* Begin PBXSourcesBuildPhase section */
		FD27FEE328D9A63E00D2A405 /* Sources */ = {
			isa = PBXSourcesBuildPhase;
			buildActionMask = 2147483647;
			files = (
				FDCCA2A228DAF97700709E80 /* AddCompetitionViewController.swift in Sources */,
				FD27FEEF28D9A63E00D2A405 /* StartViewController.swift in Sources */,
				FDCCA2A428DAFA4600709E80 /* AnyCompUITextField.swift in Sources */,
				FD1E200028F096C8001CF0EA /* PlayerDataCollectionViewCell.swift in Sources */,
				FD2D637C28FC0E02007C4D94 /* Database.swift in Sources */,
				FD73A21C28FF254B005FAFCE /* AnyCompClearUIButton.swift in Sources */,
				FD29C22528E040EF00C3B7EB /* MatchViewController.swift in Sources */,
				FD6E751628F6E63A005DB75F /* CompetitionsData.swift in Sources */,
				FDF7EDED28E9EBC900FAE28E /* CompetitionTableCollectionViewCell.swift in Sources */,
				FDCCA2A028DADA7F00709E80 /* TabBarController.swift in Sources */,
				FD0D008A28DDBF0200C47570 /* PlayersInfoTableViewCell.swift in Sources */,
				FD68DC4628E2D61A00FE0E64 /* CompetitionTable.swift in Sources */,
				FD27FEEB28D9A63E00D2A405 /* AppDelegate.swift in Sources */,
				FD20D64528DB3AA0007F5F8F /* Competition.swift in Sources */,
				FDE7036128E412B500FF4F06 /* CompetitionNetView.swift in Sources */,
				FD0D008828DDA29B00C47570 /* ConfigurateCompetitionViewController.swift in Sources */,
				FDA0381E28F983400040A782 /* MatchesOfPlayer.swift in Sources */,
				FD08C7D728DF511E00C18CD1 /* MyMatch.swift in Sources */,
				FD6F060128F8247F00F0F718 /* MatchIndex.swift in Sources */,
				FD27FEF528D9A63E00D2A405 /* Any_competition.xcdatamodeld in Sources */,
				FDE14E2228DF15AB00005B51 /* CompetitionViewController.swift in Sources */,
				FD0FB29728ECBCE6000789CD /* TestViewController.swift in Sources */,
				FD20D63A28DB0B19007F5F8F /* CompetitionsViewController.swift in Sources */,
				FD94809328F4697500B31A89 /* Match.swift in Sources */,
				FD339E9928E34D6D000DD8F3 /* UIFont+Extention.swift in Sources */,
				FD20D63D28DB0DE9007F5F8F /* CompetitionCollectionViewCell.swift in Sources */,
				FD94809528F46C1700B31A89 /* Player.swift in Sources */,
				FD27FF3628D9E85900D2A405 /* AnyCompUIButton.swift in Sources */,
				FD7C894A28ED55D100699A7E /* AnyCompLogoUILabel.swift in Sources */,
				FDB1085A28FDADD80020F32C /* ProfileViewController.swift in Sources */,
				FD20D64928DB4FF1007F5F8F /* CompetitionFetch.swift in Sources */,
				FDDD6DFE28FFC41300F9A649 /* CreateUserView.swift in Sources */,
				FD27FF3428D9DFAF00D2A405 /* AnyCompUILabel.swift in Sources */,
				FD1E200228F1A7A5001CF0EA /* shakeTextFieldifEmpty.swift in Sources */,
				FD85BA6728FE75EE0027468E /* ProfileView.swift in Sources */,
				FD1E1FFE28F08ED1001CF0EA /* DateFormater.swift in Sources */,
				FD96E63F290E6CFE00B51FD0 /* CompetitionsCollectionView.swift in Sources */,
				FD27FEED28D9A63E00D2A405 /* SceneDelegate.swift in Sources */,
				FDF7EDEB28E9E6EE00FAE28E /* UIColor+Extention.swift in Sources */,
				FD20D64028DB0E97007F5F8F /* UIView+Extention.swift in Sources */,
				FDB1085C28FDAF9B0020F32C /* LoginView.swift in Sources */,
				FDB3FFE828E2180C000D6DDC /* CompetitionTableView.swift in Sources */,
				FD94809728F46C4100B31A89 /* Info.swift in Sources */,
				FD7D09822900559400E6CE60 /* User.swift in Sources */,
			);
			runOnlyForDeploymentPostprocessing = 0;
		};
		FD27FEFC28D9A63F00D2A405 /* Sources */ = {
			isa = PBXSourcesBuildPhase;
			buildActionMask = 2147483647;
			files = (
				FD27FF0528D9A63F00D2A405 /* Any_competitionTests.swift in Sources */,
			);
			runOnlyForDeploymentPostprocessing = 0;
		};
		FD27FF0628D9A63F00D2A405 /* Sources */ = {
			isa = PBXSourcesBuildPhase;
			buildActionMask = 2147483647;
			files = (
				FD27FF0F28D9A63F00D2A405 /* Any_competitionUITests.swift in Sources */,
				FD27FF1128D9A63F00D2A405 /* Any_competitionUITestsLaunchTests.swift in Sources */,
			);
			runOnlyForDeploymentPostprocessing = 0;
		};
/* End PBXSourcesBuildPhase section */

/* Begin PBXTargetDependency section */
		FD27FF0228D9A63F00D2A405 /* PBXTargetDependency */ = {
			isa = PBXTargetDependency;
			target = FD27FEE628D9A63E00D2A405 /* Any_competition */;
			targetProxy = FD27FF0128D9A63F00D2A405 /* PBXContainerItemProxy */;
		};
		FD27FF0C28D9A63F00D2A405 /* PBXTargetDependency */ = {
			isa = PBXTargetDependency;
			target = FD27FEE628D9A63E00D2A405 /* Any_competition */;
			targetProxy = FD27FF0B28D9A63F00D2A405 /* PBXContainerItemProxy */;
		};
/* End PBXTargetDependency section */

/* Begin PBXVariantGroup section */
		FD27FEF828D9A63F00D2A405 /* LaunchScreen.storyboard */ = {
			isa = PBXVariantGroup;
			children = (
				FD27FEF928D9A63F00D2A405 /* Base */,
			);
			name = LaunchScreen.storyboard;
			sourceTree = "<group>";
		};
/* End PBXVariantGroup section */

/* Begin XCBuildConfiguration section */
		FD27FF1228D9A63F00D2A405 /* Debug */ = {
			isa = XCBuildConfiguration;
			buildSettings = {
				ALWAYS_SEARCH_USER_PATHS = NO;
				CLANG_ANALYZER_NONNULL = YES;
				CLANG_ANALYZER_NUMBER_OBJECT_CONVERSION = YES_AGGRESSIVE;
				CLANG_CXX_LANGUAGE_STANDARD = "gnu++20";
				CLANG_ENABLE_MODULES = YES;
				CLANG_ENABLE_OBJC_ARC = YES;
				CLANG_ENABLE_OBJC_WEAK = YES;
				CLANG_WARN_BLOCK_CAPTURE_AUTORELEASING = YES;
				CLANG_WARN_BOOL_CONVERSION = YES;
				CLANG_WARN_COMMA = YES;
				CLANG_WARN_CONSTANT_CONVERSION = YES;
				CLANG_WARN_DEPRECATED_OBJC_IMPLEMENTATIONS = YES;
				CLANG_WARN_DIRECT_OBJC_ISA_USAGE = YES_ERROR;
				CLANG_WARN_DOCUMENTATION_COMMENTS = YES;
				CLANG_WARN_EMPTY_BODY = YES;
				CLANG_WARN_ENUM_CONVERSION = YES;
				CLANG_WARN_INFINITE_RECURSION = YES;
				CLANG_WARN_INT_CONVERSION = YES;
				CLANG_WARN_NON_LITERAL_NULL_CONVERSION = YES;
				CLANG_WARN_OBJC_IMPLICIT_RETAIN_SELF = YES;
				CLANG_WARN_OBJC_LITERAL_CONVERSION = YES;
				CLANG_WARN_OBJC_ROOT_CLASS = YES_ERROR;
				CLANG_WARN_QUOTED_INCLUDE_IN_FRAMEWORK_HEADER = YES;
				CLANG_WARN_RANGE_LOOP_ANALYSIS = YES;
				CLANG_WARN_STRICT_PROTOTYPES = YES;
				CLANG_WARN_SUSPICIOUS_MOVE = YES;
				CLANG_WARN_UNGUARDED_AVAILABILITY = YES_AGGRESSIVE;
				CLANG_WARN_UNREACHABLE_CODE = YES;
				CLANG_WARN__DUPLICATE_METHOD_MATCH = YES;
				COPY_PHASE_STRIP = NO;
				DEBUG_INFORMATION_FORMAT = dwarf;
				ENABLE_STRICT_OBJC_MSGSEND = YES;
				ENABLE_TESTABILITY = YES;
				GCC_C_LANGUAGE_STANDARD = gnu11;
				GCC_DYNAMIC_NO_PIC = NO;
				GCC_NO_COMMON_BLOCKS = YES;
				GCC_OPTIMIZATION_LEVEL = 0;
				GCC_PREPROCESSOR_DEFINITIONS = (
					"DEBUG=1",
					"$(inherited)",
				);
				GCC_WARN_64_TO_32_BIT_CONVERSION = YES;
				GCC_WARN_ABOUT_RETURN_TYPE = YES_ERROR;
				GCC_WARN_UNDECLARED_SELECTOR = YES;
				GCC_WARN_UNINITIALIZED_AUTOS = YES_AGGRESSIVE;
				GCC_WARN_UNUSED_FUNCTION = YES;
				GCC_WARN_UNUSED_VARIABLE = YES;
				IPHONEOS_DEPLOYMENT_TARGET = 13.0;
				MTL_ENABLE_DEBUG_INFO = INCLUDE_SOURCE;
				MTL_FAST_MATH = YES;
				ONLY_ACTIVE_ARCH = YES;
				SDKROOT = iphoneos;
				SWIFT_ACTIVE_COMPILATION_CONDITIONS = DEBUG;
				SWIFT_OPTIMIZATION_LEVEL = "-Onone";
			};
			name = Debug;
		};
		FD27FF1328D9A63F00D2A405 /* Release */ = {
			isa = XCBuildConfiguration;
			buildSettings = {
				ALWAYS_SEARCH_USER_PATHS = NO;
				CLANG_ANALYZER_NONNULL = YES;
				CLANG_ANALYZER_NUMBER_OBJECT_CONVERSION = YES_AGGRESSIVE;
				CLANG_CXX_LANGUAGE_STANDARD = "gnu++20";
				CLANG_ENABLE_MODULES = YES;
				CLANG_ENABLE_OBJC_ARC = YES;
				CLANG_ENABLE_OBJC_WEAK = YES;
				CLANG_WARN_BLOCK_CAPTURE_AUTORELEASING = YES;
				CLANG_WARN_BOOL_CONVERSION = YES;
				CLANG_WARN_COMMA = YES;
				CLANG_WARN_CONSTANT_CONVERSION = YES;
				CLANG_WARN_DEPRECATED_OBJC_IMPLEMENTATIONS = YES;
				CLANG_WARN_DIRECT_OBJC_ISA_USAGE = YES_ERROR;
				CLANG_WARN_DOCUMENTATION_COMMENTS = YES;
				CLANG_WARN_EMPTY_BODY = YES;
				CLANG_WARN_ENUM_CONVERSION = YES;
				CLANG_WARN_INFINITE_RECURSION = YES;
				CLANG_WARN_INT_CONVERSION = YES;
				CLANG_WARN_NON_LITERAL_NULL_CONVERSION = YES;
				CLANG_WARN_OBJC_IMPLICIT_RETAIN_SELF = YES;
				CLANG_WARN_OBJC_LITERAL_CONVERSION = YES;
				CLANG_WARN_OBJC_ROOT_CLASS = YES_ERROR;
				CLANG_WARN_QUOTED_INCLUDE_IN_FRAMEWORK_HEADER = YES;
				CLANG_WARN_RANGE_LOOP_ANALYSIS = YES;
				CLANG_WARN_STRICT_PROTOTYPES = YES;
				CLANG_WARN_SUSPICIOUS_MOVE = YES;
				CLANG_WARN_UNGUARDED_AVAILABILITY = YES_AGGRESSIVE;
				CLANG_WARN_UNREACHABLE_CODE = YES;
				CLANG_WARN__DUPLICATE_METHOD_MATCH = YES;
				COPY_PHASE_STRIP = NO;
				DEBUG_INFORMATION_FORMAT = "dwarf-with-dsym";
				ENABLE_NS_ASSERTIONS = NO;
				ENABLE_STRICT_OBJC_MSGSEND = YES;
				GCC_C_LANGUAGE_STANDARD = gnu11;
				GCC_NO_COMMON_BLOCKS = YES;
				GCC_WARN_64_TO_32_BIT_CONVERSION = YES;
				GCC_WARN_ABOUT_RETURN_TYPE = YES_ERROR;
				GCC_WARN_UNDECLARED_SELECTOR = YES;
				GCC_WARN_UNINITIALIZED_AUTOS = YES_AGGRESSIVE;
				GCC_WARN_UNUSED_FUNCTION = YES;
				GCC_WARN_UNUSED_VARIABLE = YES;
				IPHONEOS_DEPLOYMENT_TARGET = 13.0;
				MTL_ENABLE_DEBUG_INFO = NO;
				MTL_FAST_MATH = YES;
				SDKROOT = iphoneos;
				SWIFT_COMPILATION_MODE = wholemodule;
				SWIFT_OPTIMIZATION_LEVEL = "-O";
				VALIDATE_PRODUCT = YES;
			};
			name = Release;
		};
		FD27FF1528D9A63F00D2A405 /* Debug */ = {
			isa = XCBuildConfiguration;
			baseConfigurationReference = BD80565C5998C930EBEA977A /* Pods-Any_competition.debug.xcconfig */;
			buildSettings = {
				ASSETCATALOG_COMPILER_APPICON_NAME = AppIcon;
				ASSETCATALOG_COMPILER_GLOBAL_ACCENT_COLOR_NAME = AccentColor;
				CODE_SIGN_STYLE = Automatic;
				CURRENT_PROJECT_VERSION = 1;
				DEVELOPMENT_TEAM = VXMM262X54;
				GENERATE_INFOPLIST_FILE = YES;
				INFOPLIST_FILE = Any_competition/Info.plist;
				INFOPLIST_KEY_CFBundleDisplayName = Any_competition;
				INFOPLIST_KEY_LSApplicationCategoryType = "public.app-category.games";
				INFOPLIST_KEY_UIApplicationSupportsIndirectInputEvents = YES;
				INFOPLIST_KEY_UILaunchStoryboardName = LaunchScreen.storyboard;
				INFOPLIST_KEY_UISupportedInterfaceOrientations = "UIInterfaceOrientationLandscapeLeft UIInterfaceOrientationLandscapeRight UIInterfaceOrientationPortrait";
				IPHONEOS_DEPLOYMENT_TARGET = 15.0;
				LD_RUNPATH_SEARCH_PATHS = (
					"$(inherited)",
					"@executable_path/Frameworks",
				);
				MARKETING_VERSION = 1.0;
				PRODUCT_BUNDLE_IDENTIFIER = "ru.mi1212.Any-competition";
				PRODUCT_NAME = "$(TARGET_NAME)";
				SUPPORTED_PLATFORMS = "iphoneos iphonesimulator";
				SUPPORTS_MACCATALYST = NO;
				SUPPORTS_MAC_DESIGNED_FOR_IPHONE_IPAD = NO;
				SWIFT_EMIT_LOC_STRINGS = YES;
				SWIFT_VERSION = 5.0;
				TARGETED_DEVICE_FAMILY = "1,2";
			};
			name = Debug;
		};
		FD27FF1628D9A63F00D2A405 /* Release */ = {
			isa = XCBuildConfiguration;
			baseConfigurationReference = 6BA5A152F1F2D2695D4A89FB /* Pods-Any_competition.release.xcconfig */;
			buildSettings = {
				ASSETCATALOG_COMPILER_APPICON_NAME = AppIcon;
				ASSETCATALOG_COMPILER_GLOBAL_ACCENT_COLOR_NAME = AccentColor;
				CODE_SIGN_STYLE = Automatic;
				CURRENT_PROJECT_VERSION = 1;
				DEVELOPMENT_TEAM = VXMM262X54;
				GENERATE_INFOPLIST_FILE = YES;
				INFOPLIST_FILE = Any_competition/Info.plist;
				INFOPLIST_KEY_CFBundleDisplayName = Any_competition;
				INFOPLIST_KEY_LSApplicationCategoryType = "public.app-category.games";
				INFOPLIST_KEY_UIApplicationSupportsIndirectInputEvents = YES;
				INFOPLIST_KEY_UILaunchStoryboardName = LaunchScreen.storyboard;
				INFOPLIST_KEY_UISupportedInterfaceOrientations = "UIInterfaceOrientationLandscapeLeft UIInterfaceOrientationLandscapeRight UIInterfaceOrientationPortrait";
				IPHONEOS_DEPLOYMENT_TARGET = 15.0;
				LD_RUNPATH_SEARCH_PATHS = (
					"$(inherited)",
					"@executable_path/Frameworks",
				);
				MARKETING_VERSION = 1.0;
				PRODUCT_BUNDLE_IDENTIFIER = "ru.mi1212.Any-competition";
				PRODUCT_NAME = "$(TARGET_NAME)";
				SUPPORTED_PLATFORMS = "iphoneos iphonesimulator";
				SUPPORTS_MACCATALYST = NO;
				SUPPORTS_MAC_DESIGNED_FOR_IPHONE_IPAD = NO;
				SWIFT_EMIT_LOC_STRINGS = YES;
				SWIFT_VERSION = 5.0;
				TARGETED_DEVICE_FAMILY = "1,2";
			};
			name = Release;
		};
		FD27FF1828D9A63F00D2A405 /* Debug */ = {
			isa = XCBuildConfiguration;
			buildSettings = {
				ALWAYS_EMBED_SWIFT_STANDARD_LIBRARIES = YES;
				BUNDLE_LOADER = "$(TEST_HOST)";
				CODE_SIGN_STYLE = Automatic;
				CURRENT_PROJECT_VERSION = 1;
				DEVELOPMENT_TEAM = VXMM262X54;
				GENERATE_INFOPLIST_FILE = YES;
				IPHONEOS_DEPLOYMENT_TARGET = 16.0;
				MARKETING_VERSION = 1.0;
				PRODUCT_BUNDLE_IDENTIFIER = "ru.mi1212.Any-competitionTests";
				PRODUCT_NAME = "$(TARGET_NAME)";
				SWIFT_EMIT_LOC_STRINGS = NO;
				SWIFT_VERSION = 5.0;
				TARGETED_DEVICE_FAMILY = "1,2";
				TEST_HOST = "$(BUILT_PRODUCTS_DIR)/Any_competition.app/$(BUNDLE_EXECUTABLE_FOLDER_PATH)/Any_competition";
			};
			name = Debug;
		};
		FD27FF1928D9A63F00D2A405 /* Release */ = {
			isa = XCBuildConfiguration;
			buildSettings = {
				ALWAYS_EMBED_SWIFT_STANDARD_LIBRARIES = YES;
				BUNDLE_LOADER = "$(TEST_HOST)";
				CODE_SIGN_STYLE = Automatic;
				CURRENT_PROJECT_VERSION = 1;
				DEVELOPMENT_TEAM = VXMM262X54;
				GENERATE_INFOPLIST_FILE = YES;
				IPHONEOS_DEPLOYMENT_TARGET = 16.0;
				MARKETING_VERSION = 1.0;
				PRODUCT_BUNDLE_IDENTIFIER = "ru.mi1212.Any-competitionTests";
				PRODUCT_NAME = "$(TARGET_NAME)";
				SWIFT_EMIT_LOC_STRINGS = NO;
				SWIFT_VERSION = 5.0;
				TARGETED_DEVICE_FAMILY = "1,2";
				TEST_HOST = "$(BUILT_PRODUCTS_DIR)/Any_competition.app/$(BUNDLE_EXECUTABLE_FOLDER_PATH)/Any_competition";
			};
			name = Release;
		};
		FD27FF1B28D9A63F00D2A405 /* Debug */ = {
			isa = XCBuildConfiguration;
			buildSettings = {
				ALWAYS_EMBED_SWIFT_STANDARD_LIBRARIES = YES;
				CODE_SIGN_STYLE = Automatic;
				CURRENT_PROJECT_VERSION = 1;
				DEVELOPMENT_TEAM = VXMM262X54;
				GENERATE_INFOPLIST_FILE = YES;
				MARKETING_VERSION = 1.0;
				PRODUCT_BUNDLE_IDENTIFIER = "ru.mi1212.Any-competitionUITests";
				PRODUCT_NAME = "$(TARGET_NAME)";
				SWIFT_EMIT_LOC_STRINGS = NO;
				SWIFT_VERSION = 5.0;
				TARGETED_DEVICE_FAMILY = "1,2";
				TEST_TARGET_NAME = Any_competition;
			};
			name = Debug;
		};
		FD27FF1C28D9A63F00D2A405 /* Release */ = {
			isa = XCBuildConfiguration;
			buildSettings = {
				ALWAYS_EMBED_SWIFT_STANDARD_LIBRARIES = YES;
				CODE_SIGN_STYLE = Automatic;
				CURRENT_PROJECT_VERSION = 1;
				DEVELOPMENT_TEAM = VXMM262X54;
				GENERATE_INFOPLIST_FILE = YES;
				MARKETING_VERSION = 1.0;
				PRODUCT_BUNDLE_IDENTIFIER = "ru.mi1212.Any-competitionUITests";
				PRODUCT_NAME = "$(TARGET_NAME)";
				SWIFT_EMIT_LOC_STRINGS = NO;
				SWIFT_VERSION = 5.0;
				TARGETED_DEVICE_FAMILY = "1,2";
				TEST_TARGET_NAME = Any_competition;
			};
			name = Release;
		};
/* End XCBuildConfiguration section */

/* Begin XCConfigurationList section */
		FD27FEE228D9A63E00D2A405 /* Build configuration list for PBXProject "Any_competition" */ = {
			isa = XCConfigurationList;
			buildConfigurations = (
				FD27FF1228D9A63F00D2A405 /* Debug */,
				FD27FF1328D9A63F00D2A405 /* Release */,
			);
			defaultConfigurationIsVisible = 0;
			defaultConfigurationName = Release;
		};
		FD27FF1428D9A63F00D2A405 /* Build configuration list for PBXNativeTarget "Any_competition" */ = {
			isa = XCConfigurationList;
			buildConfigurations = (
				FD27FF1528D9A63F00D2A405 /* Debug */,
				FD27FF1628D9A63F00D2A405 /* Release */,
			);
			defaultConfigurationIsVisible = 0;
			defaultConfigurationName = Release;
		};
		FD27FF1728D9A63F00D2A405 /* Build configuration list for PBXNativeTarget "Any_competitionTests" */ = {
			isa = XCConfigurationList;
			buildConfigurations = (
				FD27FF1828D9A63F00D2A405 /* Debug */,
				FD27FF1928D9A63F00D2A405 /* Release */,
			);
			defaultConfigurationIsVisible = 0;
			defaultConfigurationName = Release;
		};
		FD27FF1A28D9A63F00D2A405 /* Build configuration list for PBXNativeTarget "Any_competitionUITests" */ = {
			isa = XCConfigurationList;
			buildConfigurations = (
				FD27FF1B28D9A63F00D2A405 /* Debug */,
				FD27FF1C28D9A63F00D2A405 /* Release */,
			);
			defaultConfigurationIsVisible = 0;
			defaultConfigurationName = Release;
		};
/* End XCConfigurationList section */

/* Begin XCVersionGroup section */
		FD27FEF328D9A63E00D2A405 /* Any_competition.xcdatamodeld */ = {
			isa = XCVersionGroup;
			children = (
				FD27FEF428D9A63E00D2A405 /* Any_competition.xcdatamodel */,
			);
			currentVersion = FD27FEF428D9A63E00D2A405 /* Any_competition.xcdatamodel */;
			path = Any_competition.xcdatamodeld;
			sourceTree = "<group>";
			versionGroupType = wrapper.xcdatamodel;
		};
/* End XCVersionGroup section */
	};
	rootObject = FD27FEDF28D9A63E00D2A405 /* Project object */;
}
